
Microsoft Visual Studio Solution File, Format Version 12.00
# Visual Studio Version 17
VisualStudioVersion = 17.4.33213.308
MinimumVisualStudioVersion = 10.0.40219.1
Project("{FAE04EC0-301F-11D3-BF4B-00C04F79EFBC}") = "WebAPI", "WebAPI\WebAPI.csproj", "{B7E9D813-022C-4B4F-8AD2-031BE4E0269B}"
EndProject
Global
	GlobalSection(SolutionConfigurationPlatforms) = preSolution
		Debug|Any CPU = Debug|Any CPU
		Release|Any CPU = Release|Any CPU
	EndGlobalSection
	GlobalSection(ProjectConfigurationPlatforms) = postSolution
		{B7E9D813-022C-4B4F-8AD2-031BE4E0269B}.Debug|Any CPU.ActiveCfg = Debug|Any CPU
		{B7E9D813-022C-4B4F-8AD2-031BE4E0269B}.Debug|Any CPU.Build.0 = Debug|Any CPU
		{B7E9D813-022C-4B4F-8AD2-031BE4E0269B}.Release|Any CPU.ActiveCfg = Release|Any CPU
		{B7E9D813-022C-4B4F-8AD2-031BE4E0269B}.Release|Any CPU.Build.0 = Release|Any CPU
	EndGlobalSection
	GlobalSection(SolutionProperties) = preSolution
		HideSolutionNode = FALSE
	EndGlobalSection
	GlobalSection(ExtensibilityGlobals) = postSolution
		SolutionGuid = {47DC445D-36E8-4497-ACFA-E3181FB85A90}
	EndGlobalSection
EndGlobal
